# This file is autogenerated, do not edit; changes may be undone by the next 'dep ensure'.


[[projects]]
  branch = "master"
  name = "github.com/ccding/go-config-reader"
  packages = ["config"]
  revision = "8b6c2b50197f20da3b1c5944c274c173634dc056"

[[projects]]
  name = "github.com/ccding/go-logging"
  packages = ["logging"]
  revision = "2e52dcfdd4e9fe9db620d2214c69746a4793ea83"
  version = "v0.2"

[[projects]]
  name = "github.com/cenkalti/hub"
  packages = ["."]
  revision = "11382a9960d39b0ecda16fd01c424c11ff765a34"

[[projects]]
  branch = "master"
  name = "github.com/cenkalti/rpc2"
  packages = [
    ".",
    "jsonrpc"
  ]
  revision = "c51a77e5f664b4a8a69bce4270d14204f94d51f9"

[[projects]]
  branch = "master"
  name = "github.com/golang/glog"
  packages = ["."]
  revision = "23def4e6c14b4da8ac2ed8007337bc5eb5007998"

[[projects]]
  branch = "master"
  name = "github.com/kardianos/osext"
  packages = ["."]
  revision = "ae77be60afb1dcacde03767a8c37337fad28ac14"

[[projects]]
  name = "github.com/nuagenetworks/go-bambou"
  packages = ["bambou"]
  revision = "e56bbad500a86dec68d009d7ed3dfa71f1038c34"
  version = "v1.0.0"

[[projects]]
  branch = "master"
  name = "github.com/nuagenetworks/libvrsdk"
  packages = [
    "api",
    "api/entity",
    "api/port",
    "ovsdb",
    "test/util"
  ]
  revision = "f17bbf11845f32f685251fc7e8689bddea28fe81"

[[projects]]
  name = "github.com/nuagenetworks/vspk-go"
  packages = ["vspk"]
  revision = "498065f75459369f7567eea4e25f1203cd99b739"
  version = "v5.3.1"

[[projects]]
  name = "github.com/sirupsen/logrus"
  packages = ["."]
  revision = "c155da19408a8799da419ed3eeb0cb5db0ad5dbc"
  version = "v1.0.5"

[[projects]]
  branch = "master"
  name = "github.com/socketplane/libovsdb"
  packages = ["."]
  revision = "4de3618546deba09d8875d719752db32bd4652c0"

[[projects]]
  name = "github.com/vishvananda/netlink"
  packages = [
    ".",
    "nl"
  ]
  revision = "a2ad57a690f3caf3015351d2d6e1c0b95c349752"
  version = "v1.0.0"

[[projects]]
  branch = "master"
  name = "github.com/vishvananda/netns"
  packages = ["."]
  revision = "be1fbeda19366dea804f00efff2dd73a1642fdcc"

[[projects]]
  branch = "master"
  name = "golang.org/x/crypto"
  packages = ["ssh/terminal"]
  revision = "a49355c7e3f8fe157a85be2f77e6e269a0f89602"

[[projects]]
  branch = "master"
  name = "golang.org/x/sys"
  packages = [
    "unix",
    "windows"
  ]
  revision = "63fc586f45fe72d95d5240a5d5eb95e6503907d3"

[[projects]]
  name = "gopkg.in/natefinch/lumberjack.v2"
  packages = ["."]
  revision = "a96e63847dc3c67d17befa69c303767e2f84e54f"
  version = "v2.1"

[[projects]]
  name = "gopkg.in/yaml.v2"
  packages = ["."]
  revision = "5420a8b6744d3b0345ab293f6fcba19c978f1183"
  version = "v2.2.1"

[solve-meta]
  analyzer-name = "dep"
  analyzer-version = 1
  inputs-digest = "2248cc6b9554f06ac63ee530485e7993a6967a6afd36e737953599906e771919"
  solver-name = "gps-cdcl"
  solver-version = 1
